// !$*UTF8*$!
{
	archiveVersion = 1;
	classes = {
	};
	objectVersion = 77;
	objects = {

/* Begin PBXBuildFile section */
		3DF05C3A2FAFA64E009E1BB2 /* Auth in Frameworks */ = {isa = PBXBuildFile; productRef = 3DF05C392FAFA64E009E1BB2 /* Auth */; };
		3DF05C3C2FAFA64E009E1BB2 /* Functions in Frameworks */ = {isa = PBXBuildFile; productRef = 3DF05C3B2FAFA64E009E1BB2 /* Functions */; };
		3DF05C3E2FAFA64E009E1BB2 /* PostgREST in Frameworks */ = {isa = PBXBuildFile; productRef = 3DF05C3D2FAFA64E009E1BB2 /* PostgREST */; };
		3DF05C402FAFA64E009E1BB2 /* Realtime in Frameworks */ = {isa = PBXBuildFile; productRef = 3DF05C3F2FAFA64E009E1BB2 /* Realtime */; };
		3DF05C422FAFA64E009E1BB2 /* Storage in Frameworks */ = {isa = PBXBuildFile; productRef = 3DF05C412FAFA64E009E1BB2 /* Storage */; };
		3DF05C462FAFA71D009E1BB2 /* Kingfisher in Frameworks */ = {isa = PBXBuildFile; productRef = 3DF05C452FAFA71D009E1BB2 /* Kingfisher */; };
/* End PBXBuildFile section */

/* Begin PBXContainerItemProxy section */
		3DF05C1C2FAFA313009E1BB2 /* PBXContainerItemProxy */ = {
			isa = PBXContainerItemProxy;
			containerPortal = 3DF05C042FAFA312009E1BB2 /* Project object */;
			proxyType = 1;
			remoteGlobalIDString = 3DF05C0B2FAFA312009E1BB2;
			remoteInfo = Apollo;
		};
		3DF05C262FAFA313009E1BB2 /* PBXContainerItemProxy */ = {
			isa = PBXContainerItemProxy;
			containerPortal = 3DF05C042FAFA312009E1BB2 /* Project object */;
			proxyType = 1;
			remoteGlobalIDString = 3DF05C0B2FAFA312009E1BB2;
			remoteInfo = Apollo;
		};
/* End PBXContainerItemProxy section */

/* Begin PBXFileReference section */
		3DF05C0C2FAFA312009E1BB2 /* Apollo.app */ = {isa = PBXFileReference; explicitFileType = wrapper.application; includeInIndex = 0; path = Apollo.app; sourceTree = BUILT_PRODUCTS_DIR; };
		3DF05C1B2FAFA313009E1BB2 /* ApolloTests.xctest */ = {isa = PBXFileReference; explicitFileType = wrapper.cfbundle; includeInIndex = 0; path = ApolloTests.xctest; sourceTree = BUILT_PRODUCTS_DIR; };
		3DF05C252FAFA313009E1BB2 /* ApolloUITests.xctest */ = {isa = PBXFileReference; explicitFileType = wrapper.cfbundle; includeInIndex = 0; path = ApolloUITests.xctest; sourceTree = BUILT_PRODUCTS_DIR; };
/* End PBXFileReference section */

/* Begin PBXFileSystemSynchronizedRootGroup section */
		3DF05C0E2FAFA312009E1BB2 /* Apollo */ = {
			isa = PBXFileSystemSynchronizedRootGroup;
			path = Apollo;
			sourceTree = "<group>";
		};
		3DF05C1E2FAFA313009E1BB2 /* ApolloTests */ = {
			isa = PBXFileSystemSynchronizedRootGroup;
			path = ApolloTests;
			sourceTree = "<group>";
		};
		3DF05C282FAFA313009E1BB2 /* ApolloUITests */ = {
			isa = PBXFileSystemSynchronizedRootGroup;
			path = ApolloUITests;
			sourceTree = "<group>";
		};
/* End PBXFileSystemSynchronizedRootGroup section */

/* Begin PBXFrameworksBuildPhase section */
		3DF05C092FAFA312009E1BB2 /* Frameworks */ = {
			isa = PBXFrameworksBuildPhase;
			buildActionMask = 2147483647;
			files = (
				3DF05C462FAFA71D009E1BB2 /* Kingfisher in Frameworks */,
				3DF05C3E2FAFA64E009E1BB2 /* PostgREST in Frameworks */,
				3DF05C3C2FAFA64E009E1BB2 /* Functions in Frameworks */,
				3DF05C3A2FAFA64E009E1BB2 /* Auth in Frameworks */,
				3DF05C422FAFA64E009E1BB2 /* Storage in Frameworks */,
				3DF05C402FAFA64E009E1BB2 /* Realtime in Frameworks */,
			);
			runOnlyForDeploymentPostprocessing = 0;
		};
		3DF05C182FAFA313009E1BB2 /* Frameworks */ = {
			isa = PBXFrameworksBuildPhase;
			buildActionMask = 2147483647;
			files = (
			);
			runOnlyForDeploymentPostprocessing = 0;
		};
		3DF05C222FAFA313009E1BB2 /* Frameworks */ = {
			isa = PBXFrameworksBuildPhase;
			buildActionMask = 2147483647;
			files = (
			);
			runOnlyForDeploymentPostprocessing = 0;
		};
/* End PBXFrameworksBuildPhase section */

/* Begin PBXGroup section */
		3DF05C032FAFA312009E1BB2 = {
			isa = PBXGroup;
			children = (
				3DF05C0E2FAFA312009E1BB2 /* Apollo */,
				3DF05C1E2FAFA313009E1BB2 /* ApolloTests */,
				3DF05C282FAFA313009E1BB2 /* ApolloUITests */,
				3DF05C442FAFA71D009E1BB2 /* Frameworks */,
				3DF05C0D2FAFA312009E1BB2 /* Products */,
			);
			sourceTree = "<group>";
		};
		3DF05C0D2FAFA312009E1BB2 /* Products */ = {
			isa = PBXGroup;
			children = (
				3DF05C0C2FAFA312009E1BB2 /* Apollo.app */,
				3DF05C1B2FAFA313009E1BB2 /* ApolloTests.xctest */,
				3DF05C252FAFA313009E1BB2 /* ApolloUITests.xctest */,
			);
			name = Products;
			sourceTree = "<group>";
		};
		3DF05C442FAFA71D009E1BB2 /* Frameworks */ = {
			isa = PBXGroup;
			children = (
			);
			name = Frameworks;
			sourceTree = "<group>";
		};
/* End PBXGroup section */

/* Begin PBXNativeTarget section */
		3DF05C0B2FAFA312009E1BB2 /* Apollo */ = {
			isa = PBXNativeTarget;
			buildConfigurationList = 3DF05C2F2FAFA313009E1BB2 /* Build configuration list for PBXNativeTarget "Apollo" */;
			buildPhases = (
				3DF05C082FAFA312009E1BB2 /* Sources */,
				3DF05C092FAFA312009E1BB2 /* Frameworks */,
				3DF05C0A2FAFA312009E1BB2 /* Resources */,
			);
			buildRules = (
			);
			dependencies = (
			);
			fileSystemSynchronizedGroups = (
				3DF05C0E2FAFA312009E1BB2 /* Apollo */,
			);
			name = Apollo;
			packageProductDependencies = (
				3DF05C392FAFA64E009E1BB2 /* Auth */,
				3DF05C3B2FAFA64E009E1BB2 /* Functions */,
				3DF05C3D2FAFA64E009E1BB2 /* PostgREST */,
				3DF05C3F2FAFA64E009E1BB2 /* Realtime */,
				3DF05C412FAFA64E009E1BB2 /* Storage */,
				3DF05C452FAFA71D009E1BB2 /* Kingfisher */,
			);
			productName = Apollo;
			productReference = 3DF05C0C2FAFA312009E1BB2 /* Apollo.app */;
			productType = "com.apple.product-type.application";
		};
		3DF05C1A2FAFA313009E1BB2 /* ApolloTests */ = {
			isa = PBXNativeTarget;
			buildConfigurationList = 3DF05C322FAFA313009E1BB2 /* Build configuration list for PBXNativeTarget "ApolloTests" */;
			buildPhases = (
				3DF05C172FAFA313009E1BB2 /* Sources */,
				3DF05C182FAFA313009E1BB2 /* Frameworks */,
				3DF05C192FAFA313009E1BB2 /* Resources */,
			);
			buildRules = (
			);
			dependencies = (
				3DF05C1D2FAFA313009E1BB2 /* PBXTargetDependency */,
			);
			fileSystemSynchronizedGroups = (
				3DF05C1E2FAFA313009E1BB2 /* ApolloTests */,
			);
			name = ApolloTests;
			packageProductDependencies = (
			);
			productName = ApolloTests;
			productReference = 3DF05C1B2FAFA313009E1BB2 /* ApolloTests.xctest */;
			productType = "com.apple.product-type.bundle.unit-test";
		};
		3DF05C242FAFA313009E1BB2 /* ApolloUITests */ = {
			isa = PBXNativeTarget;
			buildConfigurationList = 3DF05C352FAFA313009E1BB2 /* Build configuration list for PBXNativeTarget "ApolloUITests" */;
			buildPhases = (
				3DF05C212FAFA313009E1BB2 /* Sources */,
				3DF05C222FAFA313009E1BB2 /* Frameworks */,
				3DF05C232FAFA313009E1BB2 /* Resources */,
			);
			buildRules = (
			);
			dependencies = (
				3DF05C272FAFA313009E1BB2 /* PBXTargetDependency */,
			);
			fileSystemSynchronizedGroups = (
				3DF05C282FAFA313009E1BB2 /* ApolloUITests */,
			);
			name = ApolloUITests;
			packageProductDependencies = (
			);
			productName = ApolloUITests;
			productReference = 3DF05C252FAFA313009E1BB2 /* ApolloUITests.xctest */;
			productType = "com.apple.product-type.bundle.ui-testing";
		};
/* End PBXNativeTarget section */

/* Begin PBXProject section */
		3DF05C042FAFA312009E1BB2 /* Project object */ = {
			isa = PBXProject;
			attributes = {
				BuildIndependentTargetsInParallel = 1;
				LastSwiftUpdateCheck = 2620;
				LastUpgradeCheck = 2620;
				TargetAttributes = {
					3DF05C0B2FAFA312009E1BB2 = {
						CreatedOnToolsVersion = 26.2;
					};
					3DF05C1A2FAFA313009E1BB2 = {
						CreatedOnToolsVersion = 26.2;
						TestTargetID = 3DF05C0B2FAFA312009E1BB2;
					};
					3DF05C242FAFA313009E1BB2 = {
						CreatedOnToolsVersion = 26.2;
						TestTargetID = 3DF05C0B2FAFA312009E1BB2;
					};
				};
			};
			buildConfigurationList = 3DF05C072FAFA312009E1BB2 /* Build configuration list for PBXProject "Apollo" */;
			developmentRegion = en;
			hasScannedForEncodings = 0;
			knownRegions = (
				en,
				Base,
			);
			mainGroup = 3DF05C032FAFA312009E1BB2;
			minimizedProjectReferenceProxies = 1;
			packageReferences = (
				3DF05C382FAFA64E009E1BB2 /* XCRemoteSwiftPackageReference "supabase-swift" */,
				3DF05C432FAFA6CE009E1BB2 /* XCRemoteSwiftPackageReference "Kingfisher" */,
			);
			preferredProjectObjectVersion = 77;
			productRefGroup = 3DF05C0D2FAFA312009E1BB2 /* Products */;
			projectDirPath = "";
			projectRoot = "";
			targets = (
				3DF05C0B2FAFA312009E1BB2 /* Apollo */,
				3DF05C1A2FAFA313009E1BB2 /* ApolloTests */,
				3DF05C242FAFA313009E1BB2 /* ApolloUITests */,
			);
		};
/* End PBXProject section */

/* Begin PBXResourcesBuildPhase section */
		3DF05C0A2FAFA312009E1BB2 /* Resources */ = {
			isa = PBXResourcesBuildPhase;
			buildActionMask = 2147483647;
			files = (
			);
			runOnlyForDeploymentPostprocessing = 0;
		};
		3DF05C192FAFA313009E1BB2 /* Resources */ = {
			isa = PBXResourcesBuildPhase;
			buildActionMask = 2147483647;
			files = (
			);
			runOnlyForDeploymentPostprocessing = 0;
		};
		3DF05C232FAFA313009E1BB2 /* Resources */ = {
			isa = PBXResourcesBuildPhase;
			buildActionMask = 2147483647;
			files = (
			);
			runOnlyForDeploymentPostprocessing = 0;
		};
/* End PBXResourcesBuildPhase section */

/* Begin PBXSourcesBuildPhase section */
		3DF05C082FAFA312009E1BB2 /* Sources */ = {
			isa = PBXSourcesBuildPhase;
			buildActionMask = 2147483647;
			files = (
			);
			runOnlyForDeploymentPostprocessing = 0;
		};
		3DF05C172FAFA313009E1BB2 /* Sources */ = {
			isa = PBXSourcesBuildPhase;
			buildActionMask = 2147483647;
			files = (
			);
			runOnlyForDeploymentPostprocessing = 0;
		};
		3DF05C212FAFA313009E1BB2 /* Sources */ = {
			isa = PBXSourcesBuildPhase;
			buildActionMask = 2147483647;
			files = (
			);
			runOnlyForDeploymentPostprocessing = 0;
		};
/* End PBXSourcesBuildPhase section */

/* Begin PBXTargetDependency section */
		3DF05C1D2FAFA313009E1BB2 /* PBXTargetDependency */ = {
			isa = PBXTargetDependency;
			target = 3DF05C0B2FAFA312009E1BB2 /* Apollo */;
			targetProxy = 3DF05C1C2FAFA313009E1BB2 /* PBXContainerItemProxy */;
		};
		3DF05C272FAFA313009E1BB2 /* PBXTargetDependency */ = {
			isa = PBXTargetDependency;
			target = 3DF05C0B2FAFA312009E1BB2 /* Apollo */;
			targetProxy = 3DF05C262FAFA313009E1BB2 /* PBXContainerItemProxy */;
		};
/* End PBXTargetDependency section */

/* Begin XCBuildConfiguration section */
		3DF05C2D2FAFA313009E1BB2 /* Debug */ = {
			isa = XCBuildConfiguration;
			buildSettings = {
				ALWAYS_SEARCH_USER_PATHS = NO;
				ASSETCATALOG_COMPILER_GENERATE_SWIFT_ASSET_SYMBOL_EXTENSIONS = YES;
				CLANG_ANALYZER_NONNULL = YES;
				CLANG_ANALYZER_NUMBER_OBJECT_CONVERSION = YES_AGGRESSIVE;
				CLANG_CXX_LANGUAGE_STANDARD = "gnu++20";
				CLANG_ENABLE_MODULES = YES;
				CLANG_ENABLE_OBJC_ARC = YES;
				CLANG_ENABLE_OBJC_WEAK = YES;
				CLANG_WARN_BLOCK_CAPTURE_AUTORELEASING = YES;
				CLANG_WARN_BOOL_CONVERSION = YES;
				CLANG_WARN_COMMA = YES;
				CLANG_WARN_CONSTANT_CONVERSION = YES;
				CLANG_WARN_DEPRECATED_OBJC_IMPLEMENTATIONS = YES;
				CLANG_WARN_DIRECT_OBJC_ISA_USAGE = YES_ERROR;
				CLANG_WARN_DOCUMENTATION_COMMENTS = YES;
				CLANG_WARN_EMPTY_BODY = YES;
				CLANG_WARN_ENUM_CONVERSION = YES;
				CLANG_WARN_INFINITE_RECURSION = YES;
				CLANG_WARN_INT_CONVERSION = YES;
				CLANG_WARN_NON_LITERAL_NULL_CONVERSION = YES;
				CLANG_WARN_OBJC_IMPLICIT_RETAIN_SELF = YES;
				CLANG_WARN_OBJC_LITERAL_CONVERSION = YES;
				CLANG_WARN_OBJC_ROOT_CLASS = YES_ERROR;
				CLANG_WARN_QUOTED_INCLUDE_IN_FRAMEWORK_HEADER = YES;
				CLANG_WARN_RANGE_LOOP_ANALYSIS = YES;
				CLANG_WARN_STRICT_PROTOTYPES = YES;
				CLANG_WARN_SUSPICIOUS_MOVE = YES;
				CLANG_WARN_UNGUARDED_AVAILABILITY = YES_AGGRESSIVE;
				CLANG_WARN_UNREACHABLE_CODE = YES;
				CLANG_WARN__DUPLICATE_METHOD_MATCH = YES;
				COPY_PHASE_STRIP = NO;
				DEBUG_INFORMATION_FORMAT = dwarf;
				DEVELOPMENT_TEAM = H8GRXJ93NR;
				ENABLE_STRICT_OBJC_MSGSEND = YES;
				ENABLE_TESTABILITY = YES;
				ENABLE_USER_SCRIPT_SANDBOXING = YES;
				GCC_C_LANGUAGE_STANDARD = gnu17;
				GCC_DYNAMIC_NO_PIC = NO;
				GCC_NO_COMMON_BLOCKS = YES;
				GCC_OPTIMIZATION_LEVEL = 0;
				GCC_PREPROCESSOR_DEFINITIONS = (
					"DEBUG=1",
					"$(inherited)",
				);
				GCC_WARN_64_TO_32_BIT_CONVERSION = YES;
				GCC_WARN_ABOUT_RETURN_TYPE = YES_ERROR;
				GCC_WARN_UNDECLARED_SELECTOR = YES;
				GCC_WARN_UNINITIALIZED_AUTOS = YES_AGGRESSIVE;
				GCC_WARN_UNUSED_FUNCTION = YES;
				GCC_WARN_UNUSED_VARIABLE = YES;
				IPHONEOS_DEPLOYMENT_TARGET = 26.2;
				LOCALIZATION_PREFERS_STRING_CATALOGS = YES;
				MTL_ENABLE_DEBUG_INFO = INCLUDE_SOURCE;
				MTL_FAST_MATH = YES;
				ONLY_ACTIVE_ARCH = YES;
				SDKROOT = iphoneos;
				SWIFT_ACTIVE_COMPILATION_CONDITIONS = "DEBUG $(inherited)";
				SWIFT_OPTIMIZATION_LEVEL = "-Onone";
			};
			name = Debug;
		};
		3DF05C2E2FAFA313009E1BB2 /* Release */ = {
			isa = XCBuildConfiguration;
			buildSettings = {
				ALWAYS_SEARCH_USER_PATHS = NO;
				ASSETCATALOG_COMPILER_GENERATE_SWIFT_ASSET_SYMBOL_EXTENSIONS = YES;
				CLANG_ANALYZER_NONNULL = YES;
				CLANG_ANALYZER_NUMBER_OBJECT_CONVERSION = YES_AGGRESSIVE;
				CLANG_CXX_LANGUAGE_STANDARD = "gnu++20";
				CLANG_ENABLE_MODULES = YES;
				CLANG_ENABLE_OBJC_ARC = YES;
				CLANG_ENABLE_OBJC_WEAK = YES;
				CLANG_WARN_BLOCK_CAPTURE_AUTORELEASING = YES;
				CLANG_WARN_BOOL_CONVERSION = YES;
				CLANG_WARN_COMMA = YES;
				CLANG_WARN_CONSTANT_CONVERSION = YES;
				CLANG_WARN_DEPRECATED_OBJC_IMPLEMENTATIONS = YES;
				CLANG_WARN_DIRECT_OBJC_ISA_USAGE = YES_ERROR;
				CLANG_WARN_DOCUMENTATION_COMMENTS = YES;
				CLANG_WARN_EMPTY_BODY = YES;
				CLANG_WARN_ENUM_CONVERSION = YES;
				CLANG_WARN_INFINITE_RECURSION = YES;
				CLANG_WARN_INT_CONVERSION = YES;
				CLANG_WARN_NON_LITERAL_NULL_CONVERSION = YES;
				CLANG_WARN_OBJC_IMPLICIT_RETAIN_SELF = YES;
				CLANG_WARN_OBJC_LITERAL_CONVERSION = YES;
				CLANG_WARN_OBJC_ROOT_CLASS = YES_ERROR;
				CLANG_WARN_QUOTED_INCLUDE_IN_FRAMEWORK_HEADER = YES;
				CLANG_WARN_RANGE_LOOP_ANALYSIS = YES;
				CLANG_WARN_STRICT_PROTOTYPES = YES;
				CLANG_WARN_SUSPICIOUS_MOVE = YES;
				CLANG_WARN_UNGUARDED_AVAILABILITY = YES_AGGRESSIVE;
				CLANG_WARN_UNREACHABLE_CODE = YES;
				CLANG_WARN__DUPLICATE_METHOD_MATCH = YES;
				COPY_PHASE_STRIP = NO;
				DEBUG_INFORMATION_FORMAT = "dwarf-with-dsym";
				DEVELOPMENT_TEAM = H8GRXJ93NR;
				ENABLE_NS_ASSERTIONS = NO;
				ENABLE_STRICT_OBJC_MSGSEND = YES;
				ENABLE_USER_SCRIPT_SANDBOXING = YES;
				GCC_C_LANGUAGE_STANDARD = gnu17;
				GCC_NO_COMMON_BLOCKS = YES;
				GCC_WARN_64_TO_32_BIT_CONVERSION = YES;
				GCC_WARN_ABOUT_RETURN_TYPE = YES_ERROR;
				GCC_WARN_UNDECLARED_SELECTOR = YES;
				GCC_WARN_UNINITIALIZED_AUTOS = YES_AGGRESSIVE;
				GCC_WARN_UNUSED_FUNCTION = YES;
				GCC_WARN_UNUSED_VARIABLE = YES;
				IPHONEOS_DEPLOYMENT_TARGET = 26.2;
				LOCALIZATION_PREFERS_STRING_CATALOGS = YES;
				MTL_ENABLE_DEBUG_INFO = NO;
				MTL_FAST_MATH = YES;
				SDKROOT = iphoneos;
				SWIFT_COMPILATION_MODE = wholemodule;
				VALIDATE_PRODUCT = YES;
			};
			name = Release;
		};
		3DF05C302FAFA313009E1BB2 /* Debug */ = {
			isa = XCBuildConfiguration;
			buildSettings = {
				ASSETCATALOG_COMPILER_APPICON_NAME = AppIcon;
				ASSETCATALOG_COMPILER_GLOBAL_ACCENT_COLOR_NAME = AccentColor;
				CODE_SIGN_STYLE = Automatic;
				CURRENT_PROJECT_VERSION = 1;
				DEVELOPMENT_TEAM = H8GRXJ93NR;
				ENABLE_PREVIEWS = YES;
				GENERATE_INFOPLIST_FILE = YES;
				INFOPLIST_KEY_UIApplicationSceneManifest_Generation = YES;
				INFOPLIST_KEY_UIApplicationSupportsIndirectInputEvents = YES;
				INFOPLIST_KEY_UILaunchScreen_Generation = YES;
				INFOPLIST_KEY_UISupportedInterfaceOrientations_iPad = "UIInterfaceOrientationPortrait UIInterfaceOrientationPortraitUpsideDown UIInterfaceOrientationLandscapeLeft UIInterfaceOrientationLandscapeRight";
				INFOPLIST_KEY_UISupportedInterfaceOrientations_iPhone = "UIInterfaceOrientationPortrait UIInterfaceOrientationLandscapeLeft UIInterfaceOrientationLandscapeRight";
				LD_RUNPATH_SEARCH_PATHS = (
					"$(inherited)",
					"@executable_path/Frameworks",
				);
				MARKETING_VERSION = 1.0;
				PRODUCT_BUNDLE_IDENTIFIER = DariusEhsani.Apollo;
				PRODUCT_NAME = "$(TARGET_NAME)";
				STRING_CATALOG_GENERATE_SYMBOLS = YES;
				SWIFT_APPROACHABLE_CONCURRENCY = YES;
				SWIFT_DEFAULT_ACTOR_ISOLATION = MainActor;
				SWIFT_EMIT_LOC_STRINGS = YES;
				SWIFT_UPCOMING_FEATURE_MEMBER_IMPORT_VISIBILITY = YES;
				SWIFT_VERSION = 5.0;
				TARGETED_DEVICE_FAMILY = "1,2";
			};
			name = Debug;
		};
		3DF05C312FAFA313009E1BB2 /* Release */ = {
			isa = XCBuildConfiguration;
			buildSettings = {
				ASSETCATALOG_COMPILER_APPICON_NAME = AppIcon;
				ASSETCATALOG_COMPILER_GLOBAL_ACCENT_COLOR_NAME = AccentColor;
				CODE_SIGN_STYLE = Automatic;
				CURRENT_PROJECT_VERSION = 1;
				DEVELOPMENT_TEAM = H8GRXJ93NR;
				ENABLE_PREVIEWS = YES;
				GENERATE_INFOPLIST_FILE = YES;
				INFOPLIST_KEY_UIApplicationSceneManifest_Generation = YES;
				INFOPLIST_KEY_UIApplicationSupportsIndirectInputEvents = YES;
				INFOPLIST_KEY_UILaunchScreen_Generation = YES;
				INFOPLIST_KEY_UISupportedInterfaceOrientations_iPad = "UIInterfaceOrientationPortrait UIInterfaceOrientationPortraitUpsideDown UIInterfaceOrientationLandscapeLeft UIInterfaceOrientationLandscapeRight";
				INFOPLIST_KEY_UISupportedInterfaceOrientations_iPhone = "UIInterfaceOrientationPortrait UIInterfaceOrientationLandscapeLeft UIInterfaceOrientationLandscapeRight";
				LD_RUNPATH_SEARCH_PATHS = (
					"$(inherited)",
					"@executable_path/Frameworks",
				);
				MARKETING_VERSION = 1.0;
				PRODUCT_BUNDLE_IDENTIFIER = DariusEhsani.Apollo;
				PRODUCT_NAME = "$(TARGET_NAME)";
				STRING_CATALOG_GENERATE_SYMBOLS = YES;
				SWIFT_APPROACHABLE_CONCURRENCY = YES;
				SWIFT_DEFAULT_ACTOR_ISOLATION = MainActor;
				SWIFT_EMIT_LOC_STRINGS = YES;
				SWIFT_UPCOMING_FEATURE_MEMBER_IMPORT_VISIBILITY = YES;
				SWIFT_VERSION = 5.0;
				TARGETED_DEVICE_FAMILY = "1,2";
			};
			name = Release;
		};
		3DF05C332FAFA313009E1BB2 /* Debug */ = {
			isa = XCBuildConfiguration;
			buildSettings = {
				BUNDLE_LOADER = "$(TEST_HOST)";
				CODE_SIGN_STYLE = Automatic;
				CURRENT_PROJECT_VERSION = 1;
				DEVELOPMENT_TEAM = H8GRXJ93NR;
				GENERATE_INFOPLIST_FILE = YES;
				IPHONEOS_DEPLOYMENT_TARGET = 26.2;
				MARKETING_VERSION = 1.0;
				PRODUCT_BUNDLE_IDENTIFIER = DariusEhsani.ApolloTests;
				PRODUCT_NAME = "$(TARGET_NAME)";
				STRING_CATALOG_GENERATE_SYMBOLS = NO;
				SWIFT_APPROACHABLE_CONCURRENCY = YES;
				SWIFT_EMIT_LOC_STRINGS = NO;
				SWIFT_UPCOMING_FEATURE_MEMBER_IMPORT_VISIBILITY = YES;
				SWIFT_VERSION = 5.0;
				TARGETED_DEVICE_FAMILY = "1,2";
				TEST_HOST = "$(BUILT_PRODUCTS_DIR)/Apollo.app/$(BUNDLE_EXECUTABLE_FOLDER_PATH)/Apollo";
			};
			name = Debug;
		};
		3DF05C342FAFA313009E1BB2 /* Release */ = {
			isa = XCBuildConfiguration;
			buildSettings = {
				BUNDLE_LOADER = "$(TEST_HOST)";
				CODE_SIGN_STYLE = Automatic;
				CURRENT_PROJECT_VERSION = 1;
				DEVELOPMENT_TEAM = H8GRXJ93NR;
				GENERATE_INFOPLIST_FILE = YES;
				IPHONEOS_DEPLOYMENT_TARGET = 26.2;
				MARKETING_VERSION = 1.0;
				PRODUCT_BUNDLE_IDENTIFIER = DariusEhsani.ApolloTests;
				PRODUCT_NAME = "$(TARGET_NAME)";
				STRING_CATALOG_GENERATE_SYMBOLS = NO;
				SWIFT_APPROACHABLE_CONCURRENCY = YES;
				SWIFT_EMIT_LOC_STRINGS = NO;
				SWIFT_UPCOMING_FEATURE_MEMBER_IMPORT_VISIBILITY = YES;
				SWIFT_VERSION = 5.0;
				TARGETED_DEVICE_FAMILY = "1,2";
				TEST_HOST = "$(BUILT_PRODUCTS_DIR)/Apollo.app/$(BUNDLE_EXECUTABLE_FOLDER_PATH)/Apollo";
			};
			name = Release;
		};
		3DF05C362FAFA313009E1BB2 /* Debug */ = {
			isa = XCBuildConfiguration;
			buildSettings = {
				CODE_SIGN_STYLE = Automatic;
				CURRENT_PROJECT_VERSION = 1;
				DEVELOPMENT_TEAM = H8GRXJ93NR;
				GENERATE_INFOPLIST_FILE = YES;
				MARKETING_VERSION = 1.0;
				PRODUCT_BUNDLE_IDENTIFIER = DariusEhsani.ApolloUITests;
				PRODUCT_NAME = "$(TARGET_NAME)";
				STRING_CATALOG_GENERATE_SYMBOLS = NO;
				SWIFT_APPROACHABLE_CONCURRENCY = YES;
				SWIFT_EMIT_LOC_STRINGS = NO;
				SWIFT_UPCOMING_FEATURE_MEMBER_IMPORT_VISIBILITY = YES;
				SWIFT_VERSION = 5.0;
				TARGETED_DEVICE_FAMILY = "1,2";
				TEST_TARGET_NAME = Apollo;
			};
			name = Debug;
		};
		3DF05C372FAFA313009E1BB2 /* Release */ = {
			isa = XCBuildConfiguration;
			buildSettings = {
				CODE_SIGN_STYLE = Automatic;
				CURRENT_PROJECT_VERSION = 1;
				DEVELOPMENT_TEAM = H8GRXJ93NR;
				GENERATE_INFOPLIST_FILE = YES;
				MARKETING_VERSION = 1.0;
				PRODUCT_BUNDLE_IDENTIFIER = DariusEhsani.ApolloUITests;
				PRODUCT_NAME = "$(TARGET_NAME)";
				STRING_CATALOG_GENERATE_SYMBOLS = NO;
				SWIFT_APPROACHABLE_CONCURRENCY = YES;
				SWIFT_EMIT_LOC_STRINGS = NO;
				SWIFT_UPCOMING_FEATURE_MEMBER_IMPORT_VISIBILITY = YES;
				SWIFT_VERSION = 5.0;
				TARGETED_DEVICE_FAMILY = "1,2";
				TEST_TARGET_NAME = Apollo;
			};
			name = Release;
		};
/* End XCBuildConfiguration section */

/* Begin XCConfigurationList section */
		3DF05C072FAFA312009E1BB2 /* Build configuration list for PBXProject "Apollo" */ = {
			isa = XCConfigurationList;
			buildConfigurations = (
				3DF05C2D2FAFA313009E1BB2 /* Debug */,
				3DF05C2E2FAFA313009E1BB2 /* Release */,
			);
			defaultConfigurationIsVisible = 0;
			defaultConfigurationName = Release;
		};
		3DF05C2F2FAFA313009E1BB2 /* Build configuration list for PBXNativeTarget "Apollo" */ = {
			isa = XCConfigurationList;
			buildConfigurations = (
				3DF05C302FAFA313009E1BB2 /* Debug */,
				3DF05C312FAFA313009E1BB2 /* Release */,
			);
			defaultConfigurationIsVisible = 0;
			defaultConfigurationName = Release;
		};
		3DF05C322FAFA313009E1BB2 /* Build configuration list for PBXNativeTarget "ApolloTests" */ = {
			isa = XCConfigurationList;
			buildConfigurations = (
				3DF05C332FAFA313009E1BB2 /* Debug */,
				3DF05C342FAFA313009E1BB2 /* Release */,
			);
			defaultConfigurationIsVisible = 0;
			defaultConfigurationName = Release;
		};
		3DF05C352FAFA313009E1BB2 /* Build configuration list for PBXNativeTarget "ApolloUITests" */ = {
			isa = XCConfigurationList;
			buildConfigurations = (
				3DF05C362FAFA313009E1BB2 /* Debug */,
				3DF05C372FAFA313009E1BB2 /* Release */,
			);
			defaultConfigurationIsVisible = 0;
			defaultConfigurationName = Release;
		};
/* End XCConfigurationList section */

/* Begin XCRemoteSwiftPackageReference section */
		3DF05C382FAFA64E009E1BB2 /* XCRemoteSwiftPackageReference "supabase-swift" */ = {
			isa = XCRemoteSwiftPackageReference;
			repositoryURL = "https://github.com/supabase/supabase-swift";
			requirement = {
				kind = upToNextMajorVersion;
				minimumVersion = 2.5.1;
			};
		};
		3DF05C432FAFA6CE009E1BB2 /* XCRemoteSwiftPackageReference "Kingfisher" */ = {
			isa = XCRemoteSwiftPackageReference;
			repositoryURL = "https://github.com/onevcat/Kingfisher";
			requirement = {
				kind = upToNextMajorVersion;
				minimumVersion = 8.9.0;
			};
		};
/* End XCRemoteSwiftPackageReference section */

/* Begin XCSwiftPackageProductDependency section */
		3DF05C392FAFA64E009E1BB2 /* Auth */ = {
			isa = XCSwiftPackageProductDependency;
			package = 3DF05C382FAFA64E009E1BB2 /* XCRemoteSwiftPackageReference "supabase-swift" */;
			productName = Auth;
		};
		3DF05C3B2FAFA64E009E1BB2 /* Functions */ = {
			isa = XCSwiftPackageProductDependency;
			package = 3DF05C382FAFA64E009E1BB2 /* XCRemoteSwiftPackageReference "supabase-swift" */;
			productName = Functions;
		};
		3DF05C3D2FAFA64E009E1BB2 /* PostgREST */ = {
			isa = XCSwiftPackageProductDependency;
			package = 3DF05C382FAFA64E009E1BB2 /* XCRemoteSwiftPackageReference "supabase-swift" */;
			productName = PostgREST;
		};
		3DF05C3F2FAFA64E009E1BB2 /* Realtime */ = {
			isa = XCSwiftPackageProductDependency;
			package = 3DF05C382FAFA64E009E1BB2 /* XCRemoteSwiftPackageReference "supabase-swift" */;
			productName = Realtime;
		};
		3DF05C412FAFA64E009E1BB2 /* Storage */ = {
			isa = XCSwiftPackageProductDependency;
			package = 3DF05C382FAFA64E009E1BB2 /* XCRemoteSwiftPackageReference "supabase-swift" */;
			productName = Storage;
		};
		3DF05C452FAFA71D009E1BB2 /* Kingfisher */ = {
			isa = XCSwiftPackageProductDependency;
			package = 3DF05C432FAFA6CE009E1BB2 /* XCRemoteSwiftPackageReference "Kingfisher" */;
			productName = Kingfisher;
		};
/* End XCSwiftPackageProductDependency section */
	};
	rootObject = 3DF05C042FAFA312009E1BB2 /* Project object */;
}
